
Microsoft Visual Studio Solution File, Format Version 12.00
# Visual Studio Version 17
VisualStudioVersion = 17.1.32319.34
MinimumVisualStudioVersion = 10.0.40219.1
Project("{FAE04EC0-301F-11D3-BF4B-00C04F79EFBC}") = "SampleASP.NetCoreMVCReportViewer", "SampleASP.NetCoreMVCReportViewer\SampleASP.NetCoreMVCReportViewer.csproj", "{4709D6F8-D2B7-43F9-8EC5-B0BBEDDA7CDB}"
EndProject
Global
	GlobalSection(SolutionConfigurationPlatforms) = preSolution
		Debug|Any CPU = Debug|Any CPU
		Release|Any CPU = Release|Any CPU
	EndGlobalSection
	GlobalSection(ProjectConfigurationPlatforms) = postSolution
		{4709D6F8-D2B7-43F9-8EC5-B0BBEDDA7CDB}.Debug|Any CPU.ActiveCfg = Debug|Any CPU
		{4709D6F8-D2B7-43F9-8EC5-B0BBEDDA7CDB}.Debug|Any CPU.Build.0 = Debug|Any CPU
		{4709D6F8-D2B7-43F9-8EC5-B0BBEDDA7CDB}.Release|Any CPU.ActiveCfg = Release|Any CPU
		{4709D6F8-D2B7-43F9-8EC5-B0BBEDDA7CDB}.Release|Any CPU.Build.0 = Release|Any CPU
	EndGlobalSection
	GlobalSection(SolutionProperties) = preSolution
		HideSolutionNode = FALSE
	EndGlobalSection
	GlobalSection(ExtensibilityGlobals) = postSolution
		SolutionGuid = {F86D5295-8AA0-4596-B6C2-4D54C7148366}
	EndGlobalSection
EndGlobal
